
Microsoft Visual Studio Solution File, Format Version 12.00
# Visual Studio 15
VisualStudioVersion = 15.0.28307.572
MinimumVisualStudioVersion = 10.0.40219.1
Project("{FAE04EC0-301F-11D3-BF4B-00C04F79EFBC}") = "WpfApp1", "WpfApp1.csproj", "{94905B76-0D2D-4E43-A615-506EE283761E}"
EndProject
Global
	GlobalSection(SolutionConfigurationPlatforms) = preSolution
		Debug|Any CPU = Debug|Any CPU
		Release|Any CPU = Release|Any CPU
	EndGlobalSection
	GlobalSection(ProjectConfigurationPlatforms) = postSolution
		{94905B76-0D2D-4E43-A615-506EE283761E}.Debug|Any CPU.ActiveCfg = Debug|Any CPU
		{94905B76-0D2D-4E43-A615-506EE283761E}.Debug|Any CPU.Build.0 = Debug|Any CPU
		{94905B76-0D2D-4E43-A615-506EE283761E}.Release|Any CPU.ActiveCfg = Release|Any CPU
		{94905B76-0D2D-4E43-A615-506EE283761E}.Release|Any CPU.Build.0 = Release|Any CPU
	EndGlobalSection
	GlobalSection(SolutionProperties) = preSolution
		HideSolutionNode = FALSE
	EndGlobalSection
	GlobalSection(ExtensibilityGlobals) = postSolution
		SolutionGuid = {390752CE-62E2-41E8-897D-6D55CFD779E8}
	EndGlobalSection
EndGlobal
